
Microsoft Visual Studio Solution File, Format Version 12.00
# Visual Studio Version 16
VisualStudioVersion = 16.0.30204.135
MinimumVisualStudioVersion = 10.0.40219.1
Project("{9092AA53-FB77-4645-B42D-1CCCA6BD08BD}") = "EfoodClient", "EfoodClient.njsproj", "{AB79D0A3-DA6B-49F9-934A-4A20324D3E78}"
EndProject
Global
	GlobalSection(SolutionConfigurationPlatforms) = preSolution
		Debug|Any CPU = Debug|Any CPU
		Release|Any CPU = Release|Any CPU
	EndGlobalSection
	GlobalSection(ProjectConfigurationPlatforms) = postSolution
		{AB79D0A3-DA6B-49F9-934A-4A20324D3E78}.Debug|Any CPU.ActiveCfg = Debug|Any CPU
		{AB79D0A3-DA6B-49F9-934A-4A20324D3E78}.Debug|Any CPU.Build.0 = Debug|Any CPU
		{AB79D0A3-DA6B-49F9-934A-4A20324D3E78}.Release|Any CPU.ActiveCfg = Release|Any CPU
		{AB79D0A3-DA6B-49F9-934A-4A20324D3E78}.Release|Any CPU.Build.0 = Release|Any CPU
	EndGlobalSection
	GlobalSection(SolutionProperties) = preSolution
		HideSolutionNode = FALSE
	EndGlobalSection
	GlobalSection(ExtensibilityGlobals) = postSolution
		SolutionGuid = {1C081025-211D-4538-908C-E97D3BF96596}
	EndGlobalSection
EndGlobal
